
Microsoft Visual Studio Solution File, Format Version 12.00
# Visual Studio Version 16
VisualStudioVersion = 16.0.30204.135
MinimumVisualStudioVersion = 10.0.40219.1
Project("{FAE04EC0-301F-11D3-BF4B-00C04F79EFBC}") = "ExampleSQLApp", "ExampleSQLApp.csproj", "{7FA6198A-2E33-4BBC-BA22-C006DFDB533A}"
EndProject
Global
	GlobalSection(SolutionConfigurationPlatforms) = preSolution
		Debug|Any CPU = Debug|Any CPU
		Release|Any CPU = Release|Any CPU
	EndGlobalSection
	GlobalSection(ProjectConfigurationPlatforms) = postSolution
		{7FA6198A-2E33-4BBC-BA22-C006DFDB533A}.Debug|Any CPU.ActiveCfg = Debug|Any CPU
		{7FA6198A-2E33-4BBC-BA22-C006DFDB533A}.Debug|Any CPU.Build.0 = Debug|Any CPU
		{7FA6198A-2E33-4BBC-BA22-C006DFDB533A}.Release|Any CPU.ActiveCfg = Release|Any CPU
		{7FA6198A-2E33-4BBC-BA22-C006DFDB533A}.Release|Any CPU.Build.0 = Release|Any CPU
	EndGlobalSection
	GlobalSection(SolutionProperties) = preSolution
		HideSolutionNode = FALSE
	EndGlobalSection
	GlobalSection(ExtensibilityGlobals) = postSolution
		SolutionGuid = {6129029D-2905-4E2C-9A90-BA3394E9E846}
	EndGlobalSection
EndGlobal
